%{"decimal": {:hex, :decimal, "1.1.2", "79a769d4657b2d537b51ef3c02d29ab7141d2b486b516c109642d453ee08e00c", [:mix], []},
  "ecto": {:hex, :ecto, "2.0.5", "7f4c79ac41ffba1a4c032b69d7045489f0069c256de606523c65d9f8188e502d", [:mix], [{:db_connection, "~> 1.0-rc.4", [hex: :db_connection, optional: true]}, {:decimal, "~> 1.1.2 or ~> 1.2", [hex: :decimal, optional: false]}, {:mariaex, "~> 0.7.7", [hex: :mariaex, optional: true]}, {:poison, "~> 1.5 or ~> 2.0", [hex: :poison, optional: true]}, {:poolboy, "~> 1.5", [hex: :poolboy, optional: false]}, {:postgrex, "~> 0.12.0", [hex: :postgrex, optional: true]}, {:sbroker, "~> 1.0-beta", [hex: :sbroker, optional: true]}]},
  "poolboy": {:hex, :poolboy, "1.5.1", "6b46163901cfd0a1b43d692657ed9d7e599853b3b21b95ae5ae0a777cf9b6ca8", [:rebar], []}}
